
Microsoft Visual Studio Solution File, Format Version 12.00
# Visual Studio Version 17
VisualStudioVersion = 17.9.34728.123
MinimumVisualStudioVersion = 10.0.40219.1
Project("{2150E333-8FDC-42A3-9474-1A3956D46DE8}") = "Services", "Services", "{B60CB3FD-D5E7-4DA1-91A2-2F2C3EEA35F5}"
EndProject
Project("{2150E333-8FDC-42A3-9474-1A3956D46DE8}") = "Catalog", "Catalog", "{12FA0524-DDE8-4B22-8014-6CD2C26B0AE1}"
	ProjectSection(SolutionItems) = preProject
		Services\Basket\Basket.API\Program.cs = Services\Basket\Basket.API\Program.cs
	EndProjectSection
EndProject
Project("{9A19103F-16F7-4668-BE54-9A1E7A4F7556}") = "Catalog.Api", "Services\Catalog\Catalog.Api\Catalog.Api.csproj", "{3B0E6EBE-94AE-41FF-9ADE-C1FBE7330BE1}"
EndProject
Project("{2150E333-8FDC-42A3-9474-1A3956D46DE8}") = "BuildingBlocks", "BuildingBlocks", "{37372A30-2F4B-441C-BE4C-9176362135AD}"
EndProject
Project("{9A19103F-16F7-4668-BE54-9A1E7A4F7556}") = "BuildingBlocks", "BuildingBlocks\BuildingBlocks\BuildingBlocks.csproj", "{17A2572F-879B-4875-80FC-66D3C69F2BC6}"
EndProject
Project("{E53339B2-1760-4266-BCC7-CA923CBCF16C}") = "docker-compose", "docker-compose.dcproj", "{792FB1FF-20C9-441A-A4ED-5662AE456008}"
EndProject
Project("{2150E333-8FDC-42A3-9474-1A3956D46DE8}") = "Basket", "Basket", "{133AA6AD-6647-436C-A260-D7E71370712E}"
EndProject
Project("{9A19103F-16F7-4668-BE54-9A1E7A4F7556}") = "Basket.API", "Services\Basket\Basket.API\Basket.API.csproj", "{66EA13CB-BCC5-4EC0-8ACE-2BFC3E21D3D9}"
EndProject
Project("{2150E333-8FDC-42A3-9474-1A3956D46DE8}") = "Discount", "Discount", "{EC8C7AC3-E5FA-4B70-A46D-5703201F12CA}"
EndProject
Project("{9A19103F-16F7-4668-BE54-9A1E7A4F7556}") = "Discount.Grpc", "Services\Discount\Discount.Grpc\Discount.Grpc.csproj", "{3A8D3622-E516-4857-94AE-07DF38816F09}"
EndProject
Project("{2150E333-8FDC-42A3-9474-1A3956D46DE8}") = "Ordering", "Ordering", "{3EAF4B14-E1E2-4089-9500-039D3B523531}"
EndProject
Project("{9A19103F-16F7-4668-BE54-9A1E7A4F7556}") = "Ordering.API", "Services\Ordering\Ordering.API\Ordering.API.csproj", "{89373789-F080-44B7-A1F6-25EA1F031CFF}"
EndProject
Project("{9A19103F-16F7-4668-BE54-9A1E7A4F7556}") = "Ordering.Domain", "Services\Ordering\Ordering.Domain\Ordering.Domain.csproj", "{B2B86D39-33B0-48ED-A0EB-61B449E14B3D}"
EndProject
Project("{9A19103F-16F7-4668-BE54-9A1E7A4F7556}") = "Ordering.Application", "Services\Ordering\Ordering.Application\Ordering.Application.csproj", "{B940D1DE-C804-4452-A157-9268F3E068DE}"
EndProject
Project("{9A19103F-16F7-4668-BE54-9A1E7A4F7556}") = "Ordering.Infastructure", "Services\Ordering\Ordering.Infastructure\Ordering.Infastructure.csproj", "{4DB5C5AD-F749-4308-8E58-039FFC702154}"
EndProject
Global
	GlobalSection(SolutionConfigurationPlatforms) = preSolution
		Debug|Any CPU = Debug|Any CPU
		Release|Any CPU = Release|Any CPU
	EndGlobalSection
	GlobalSection(ProjectConfigurationPlatforms) = postSolution
		{3B0E6EBE-94AE-41FF-9ADE-C1FBE7330BE1}.Debug|Any CPU.ActiveCfg = Debug|Any CPU
		{3B0E6EBE-94AE-41FF-9ADE-C1FBE7330BE1}.Debug|Any CPU.Build.0 = Debug|Any CPU
		{3B0E6EBE-94AE-41FF-9ADE-C1FBE7330BE1}.Release|Any CPU.ActiveCfg = Release|Any CPU
		{3B0E6EBE-94AE-41FF-9ADE-C1FBE7330BE1}.Release|Any CPU.Build.0 = Release|Any CPU
		{17A2572F-879B-4875-80FC-66D3C69F2BC6}.Debug|Any CPU.ActiveCfg = Debug|Any CPU
		{17A2572F-879B-4875-80FC-66D3C69F2BC6}.Debug|Any CPU.Build.0 = Debug|Any CPU
		{17A2572F-879B-4875-80FC-66D3C69F2BC6}.Release|Any CPU.ActiveCfg = Release|Any CPU
		{17A2572F-879B-4875-80FC-66D3C69F2BC6}.Release|Any CPU.Build.0 = Release|Any CPU
		{792FB1FF-20C9-441A-A4ED-5662AE456008}.Debug|Any CPU.ActiveCfg = Debug|Any CPU
		{792FB1FF-20C9-441A-A4ED-5662AE456008}.Debug|Any CPU.Build.0 = Debug|Any CPU
		{792FB1FF-20C9-441A-A4ED-5662AE456008}.Release|Any CPU.ActiveCfg = Release|Any CPU
		{792FB1FF-20C9-441A-A4ED-5662AE456008}.Release|Any CPU.Build.0 = Release|Any CPU
		{66EA13CB-BCC5-4EC0-8ACE-2BFC3E21D3D9}.Debug|Any CPU.ActiveCfg = Debug|Any CPU
		{66EA13CB-BCC5-4EC0-8ACE-2BFC3E21D3D9}.Debug|Any CPU.Build.0 = Debug|Any CPU
		{66EA13CB-BCC5-4EC0-8ACE-2BFC3E21D3D9}.Release|Any CPU.ActiveCfg = Release|Any CPU
		{66EA13CB-BCC5-4EC0-8ACE-2BFC3E21D3D9}.Release|Any CPU.Build.0 = Release|Any CPU
		{3A8D3622-E516-4857-94AE-07DF38816F09}.Debug|Any CPU.ActiveCfg = Debug|Any CPU
		{3A8D3622-E516-4857-94AE-07DF38816F09}.Debug|Any CPU.Build.0 = Debug|Any CPU
		{3A8D3622-E516-4857-94AE-07DF38816F09}.Release|Any CPU.ActiveCfg = Release|Any CPU
		{3A8D3622-E516-4857-94AE-07DF38816F09}.Release|Any CPU.Build.0 = Release|Any CPU
		{89373789-F080-44B7-A1F6-25EA1F031CFF}.Debug|Any CPU.ActiveCfg = Debug|Any CPU
		{89373789-F080-44B7-A1F6-25EA1F031CFF}.Debug|Any CPU.Build.0 = Debug|Any CPU
		{89373789-F080-44B7-A1F6-25EA1F031CFF}.Release|Any CPU.ActiveCfg = Release|Any CPU
		{89373789-F080-44B7-A1F6-25EA1F031CFF}.Release|Any CPU.Build.0 = Release|Any CPU
		{B2B86D39-33B0-48ED-A0EB-61B449E14B3D}.Debug|Any CPU.ActiveCfg = Debug|Any CPU
		{B2B86D39-33B0-48ED-A0EB-61B449E14B3D}.Debug|Any CPU.Build.0 = Debug|Any CPU
		{B2B86D39-33B0-48ED-A0EB-61B449E14B3D}.Release|Any CPU.ActiveCfg = Release|Any CPU
		{B2B86D39-33B0-48ED-A0EB-61B449E14B3D}.Release|Any CPU.Build.0 = Release|Any CPU
		{B940D1DE-C804-4452-A157-9268F3E068DE}.Debug|Any CPU.ActiveCfg = Debug|Any CPU
		{B940D1DE-C804-4452-A157-9268F3E068DE}.Debug|Any CPU.Build.0 = Debug|Any CPU
		{B940D1DE-C804-4452-A157-9268F3E068DE}.Release|Any CPU.ActiveCfg = Release|Any CPU
		{B940D1DE-C804-4452-A157-9268F3E068DE}.Release|Any CPU.Build.0 = Release|Any CPU
		{4DB5C5AD-F749-4308-8E58-039FFC702154}.Debug|Any CPU.ActiveCfg = Debug|Any CPU
		{4DB5C5AD-F749-4308-8E58-039FFC702154}.Debug|Any CPU.Build.0 = Debug|Any CPU
		{4DB5C5AD-F749-4308-8E58-039FFC702154}.Release|Any CPU.ActiveCfg = Release|Any CPU
		{4DB5C5AD-F749-4308-8E58-039FFC702154}.Release|Any CPU.Build.0 = Release|Any CPU
	EndGlobalSection
	GlobalSection(SolutionProperties) = preSolution
		HideSolutionNode = FALSE
	EndGlobalSection
	GlobalSection(NestedProjects) = preSolution
		{12FA0524-DDE8-4B22-8014-6CD2C26B0AE1} = {B60CB3FD-D5E7-4DA1-91A2-2F2C3EEA35F5}
		{3B0E6EBE-94AE-41FF-9ADE-C1FBE7330BE1} = {12FA0524-DDE8-4B22-8014-6CD2C26B0AE1}
		{17A2572F-879B-4875-80FC-66D3C69F2BC6} = {37372A30-2F4B-441C-BE4C-9176362135AD}
		{133AA6AD-6647-436C-A260-D7E71370712E} = {B60CB3FD-D5E7-4DA1-91A2-2F2C3EEA35F5}
		{66EA13CB-BCC5-4EC0-8ACE-2BFC3E21D3D9} = {133AA6AD-6647-436C-A260-D7E71370712E}
		{EC8C7AC3-E5FA-4B70-A46D-5703201F12CA} = {B60CB3FD-D5E7-4DA1-91A2-2F2C3EEA35F5}
		{3A8D3622-E516-4857-94AE-07DF38816F09} = {EC8C7AC3-E5FA-4B70-A46D-5703201F12CA}
		{3EAF4B14-E1E2-4089-9500-039D3B523531} = {B60CB3FD-D5E7-4DA1-91A2-2F2C3EEA35F5}
		{89373789-F080-44B7-A1F6-25EA1F031CFF} = {3EAF4B14-E1E2-4089-9500-039D3B523531}
		{B2B86D39-33B0-48ED-A0EB-61B449E14B3D} = {3EAF4B14-E1E2-4089-9500-039D3B523531}
		{B940D1DE-C804-4452-A157-9268F3E068DE} = {3EAF4B14-E1E2-4089-9500-039D3B523531}
		{4DB5C5AD-F749-4308-8E58-039FFC702154} = {3EAF4B14-E1E2-4089-9500-039D3B523531}
	EndGlobalSection
	GlobalSection(ExtensibilityGlobals) = postSolution
		SolutionGuid = {0BAD54CE-99C3-4465-95CC-438A98BB5B4B}
	EndGlobalSection
EndGlobal
